{
  "originHash" : "d0515169738a3692313ed191b54204a51dbc34fcdf167bbf5bb2048fab192f9f",
  "pins" : [
    {
      "identity" : "setapp-framework",
      "kind" : "remoteSourceControl",
      "location" : "https://github.com/MacPaw/Setapp-framework.git",
      "state" : {
        "revision" : "b0f5c4875a6c5256364fcfe97ce207517bdfb0a6",
        "version" : "3.4.0"
      }
    },
    {
      "identity" : "sparkle",
      "kind" : "remoteSourceControl",
      "location" : "https://github.com/sparkle-project/Sparkle",
      "state" : {
        "revision" : "b6496a74a087257ef5e6da1c5b29a447a60f5bd7",
        "version" : "2.9.4"
      }
    }
  ],
  "version" : 3
}
